
Microsoft Visual Studio Solution File, Format Version 12.00
# Visual Studio 15
Project("{FAE04EC0-301F-11D3-BF4B-00C04F79EFBC}") = "Assembly-CSharp-Editor", "Assembly-CSharp-Editor.csproj", "{622DF685-F07E-FA20-7935-AD44029E0A96}"
EndProject
Project("{FAE04EC0-301F-11D3-BF4B-00C04F79EFBC}") = "Assembly-CSharp", "Assembly-CSharp.csproj", "{465F680E-4C47-4A43-3678-B933A8FD853A}"
EndProject
Global
	GlobalSection(SolutionConfigurationPlatforms) = preSolution
		Debug|Any CPU = Debug|Any CPU
		Release|Any CPU = Release|Any CPU
	EndGlobalSection
	GlobalSection(ProjectConfigurationPlatforms) = postSolution
		{622DF685-F07E-FA20-7935-AD44029E0A96}.Debug|Any CPU.ActiveCfg = Debug|Any CPU
		{622DF685-F07E-FA20-7935-AD44029E0A96}.Debug|Any CPU.Build.0 = Debug|Any CPU
		{622DF685-F07E-FA20-7935-AD44029E0A96}.Release|Any CPU.ActiveCfg = Release|Any CPU
		{622DF685-F07E-FA20-7935-AD44029E0A96}.Release|Any CPU.Build.0 = Release|Any CPU
		{465F680E-4C47-4A43-3678-B933A8FD853A}.Debug|Any CPU.ActiveCfg = Debug|Any CPU
		{465F680E-4C47-4A43-3678-B933A8FD853A}.Debug|Any CPU.Build.0 = Debug|Any CPU
		{465F680E-4C47-4A43-3678-B933A8FD853A}.Release|Any CPU.ActiveCfg = Release|Any CPU
		{465F680E-4C47-4A43-3678-B933A8FD853A}.Release|Any CPU.Build.0 = Release|Any CPU
	EndGlobalSection
	GlobalSection(SolutionProperties) = preSolution
		HideSolutionNode = FALSE
	EndGlobalSection
EndGlobal
